// !$*UTF8*$!
{
	archiveVersion = 1;
	classes = {
	};
	objectVersion = 56;
	objects = {

/* Begin PBXBuildFile section */
		8885774429E1CA8200DE06B6 /* AppDelegate.swift in Sources */ = {isa = PBXBuildFile; fileRef = 8885774329E1CA8200DE06B6 /* AppDelegate.swift */; };
		8885774629E1CA8200DE06B6 /* SceneDelegate.swift in Sources */ = {isa = PBXBuildFile; fileRef = 8885774529E1CA8200DE06B6 /* SceneDelegate.swift */; };
		8885774829E1CA8200DE06B6 /* ViewController.swift in Sources */ = {isa = PBXBuildFile; fileRef = 8885774729E1CA8200DE06B6 /* ViewController.swift */; };
		8885774B29E1CA8200DE06B6 /* Main.storyboard in Resources */ = {isa = PBXBuildFile; fileRef = 8885774929E1CA8200DE06B6 /* Main.storyboard */; };
		8885774D29E1CA8500DE06B6 /* Assets.xcassets in Resources */ = {isa = PBXBuildFile; fileRef = 8885774C29E1CA8500DE06B6 /* Assets.xcassets */; };
		8885775029E1CA8500DE06B6 /* LaunchScreen.storyboard in Resources */ = {isa = PBXBuildFile; fileRef = 8885774E29E1CA8500DE06B6 /* LaunchScreen.storyboard */; };
		8885775B29E1CA8500DE06B6 /* Instagram_CloneTests.swift in Sources */ = {isa = PBXBuildFile; fileRef = 8885775A29E1CA8500DE06B6 /* Instagram_CloneTests.swift */; };
		8885776529E1CA8500DE06B6 /* Instagram_CloneUITests.swift in Sources */ = {isa = PBXBuildFile; fileRef = 8885776429E1CA8500DE06B6 /* Instagram_CloneUITests.swift */; };
		8885776729E1CA8500DE06B6 /* Instagram_CloneUITestsLaunchTests.swift in Sources */ = {isa = PBXBuildFile; fileRef = 8885776629E1CA8500DE06B6 /* Instagram_CloneUITestsLaunchTests.swift */; };
/* End PBXBuildFile section */

/* Begin PBXContainerItemProxy section */
		8885775729E1CA8500DE06B6 /* PBXContainerItemProxy */ = {
			isa = PBXContainerItemProxy;
			containerPortal = 8885773829E1CA8200DE06B6 /* Project object */;
			proxyType = 1;
			remoteGlobalIDString = 8885773F29E1CA8200DE06B6;
			remoteInfo = Instagram_Clone;
		};
		8885776129E1CA8500DE06B6 /* PBXContainerItemProxy */ = {
			isa = PBXContainerItemProxy;
			containerPortal = 8885773829E1CA8200DE06B6 /* Project object */;
			proxyType = 1;
			remoteGlobalIDString = 8885773F29E1CA8200DE06B6;
			remoteInfo = Instagram_Clone;
		};
/* End PBXContainerItemProxy section */

/* Begin PBXFileReference section */
		8885774029E1CA8200DE06B6 /* Instagram_Clone.app */ = {isa = PBXFileReference; explicitFileType = wrapper.application; includeInIndex = 0; path = Instagram_Clone.app; sourceTree = BUILT_PRODUCTS_DIR; };
		8885774329E1CA8200DE06B6 /* AppDelegate.swift */ = {isa = PBXFileReference; lastKnownFileType = sourcecode.swift; path = AppDelegate.swift; sourceTree = "<group>"; };
		8885774529E1CA8200DE06B6 /* SceneDelegate.swift */ = {isa = PBXFileReference; lastKnownFileType = sourcecode.swift; path = SceneDelegate.swift; sourceTree = "<group>"; };
		8885774729E1CA8200DE06B6 /* ViewController.swift */ = {isa = PBXFileReference; lastKnownFileType = sourcecode.swift; path = ViewController.swift; sourceTree = "<group>"; };
		8885774A29E1CA8200DE06B6 /* Base */ = {isa = PBXFileReference; lastKnownFileType = file.storyboard; name = Base; path = Base.lproj/Main.storyboard; sourceTree = "<group>"; };
		8885774C29E1CA8500DE06B6 /* Assets.xcassets */ = {isa = PBXFileReference; lastKnownFileType = folder.assetcatalog; path = Assets.xcassets; sourceTree = "<group>"; };
		8885774F29E1CA8500DE06B6 /* Base */ = {isa = PBXFileReference; lastKnownFileType = file.storyboard; name = Base; path = Base.lproj/LaunchScreen.storyboard; sourceTree = "<group>"; };
		8885775129E1CA8500DE06B6 /* Info.plist */ = {isa = PBXFileReference; lastKnownFileType = text.plist.xml; path = Info.plist; sourceTree = "<group>"; };
		8885775629E1CA8500DE06B6 /* Instagram_CloneTests.xctest */ = {isa = PBXFileReference; explicitFileType = wrapper.cfbundle; includeInIndex = 0; path = Instagram_CloneTests.xctest; sourceTree = BUILT_PRODUCTS_DIR; };
		8885775A29E1CA8500DE06B6 /* Instagram_CloneTests.swift */ = {isa = PBXFileReference; lastKnownFileType = sourcecode.swift; path = Instagram_CloneTests.swift; sourceTree = "<group>"; };
		8885776029E1CA8500DE06B6 /* Instagram_CloneUITests.xctest */ = {isa = PBXFileReference; explicitFileType = wrapper.cfbundle; includeInIndex = 0; path = Instagram_CloneUITests.xctest; sourceTree = BUILT_PRODUCTS_DIR; };
		8885776429E1CA8500DE06B6 /* Instagram_CloneUITests.swift */ = {isa = PBXFileReference; lastKnownFileType = sourcecode.swift; path = Instagram_CloneUITests.swift; sourceTree = "<group>"; };
		8885776629E1CA8500DE06B6 /* Instagram_CloneUITestsLaunchTests.swift */ = {isa = PBXFileReference; lastKnownFileType = sourcecode.swift; path = Instagram_CloneUITestsLaunchTests.swift; sourceTree = "<group>"; };
/* End PBXFileReference section */

/* Begin PBXFrameworksBuildPhase section */
		8885773D29E1CA8200DE06B6 /* Frameworks */ = {
			isa = PBXFrameworksBuildPhase;
			buildActionMask = 2147483647;
			files = (
			);
			runOnlyForDeploymentPostprocessing = 0;
		};
		8885775329E1CA8500DE06B6 /* Frameworks */ = {
			isa = PBXFrameworksBuildPhase;
			buildActionMask = 2147483647;
			files = (
			);
			runOnlyForDeploymentPostprocessing = 0;
		};
		8885775D29E1CA8500DE06B6 /* Frameworks */ = {
			isa = PBXFrameworksBuildPhase;
			buildActionMask = 2147483647;
			files = (
			);
			runOnlyForDeploymentPostprocessing = 0;
		};
/* End PBXFrameworksBuildPhase section */

/* Begin PBXGroup section */
		8885773729E1CA8200DE06B6 = {
			isa = PBXGroup;
			children = (
				8885774229E1CA8200DE06B6 /* Instagram_Clone */,
				8885775929E1CA8500DE06B6 /* Instagram_CloneTests */,
				8885776329E1CA8500DE06B6 /* Instagram_CloneUITests */,
				8885774129E1CA8200DE06B6 /* Products */,
			);
			sourceTree = "<group>";
		};
		8885774129E1CA8200DE06B6 /* Products */ = {
			isa = PBXGroup;
			children = (
				8885774029E1CA8200DE06B6 /* Instagram_Clone.app */,
				8885775629E1CA8500DE06B6 /* Instagram_CloneTests.xctest */,
				8885776029E1CA8500DE06B6 /* Instagram_CloneUITests.xctest */,
			);
			name = Products;
			sourceTree = "<group>";
		};
		8885774229E1CA8200DE06B6 /* Instagram_Clone */ = {
			isa = PBXGroup;
			children = (
				8885774329E1CA8200DE06B6 /* AppDelegate.swift */,
				8885774529E1CA8200DE06B6 /* SceneDelegate.swift */,
				8885774729E1CA8200DE06B6 /* ViewController.swift */,
				8885774929E1CA8200DE06B6 /* Main.storyboard */,
				8885774C29E1CA8500DE06B6 /* Assets.xcassets */,
				8885774E29E1CA8500DE06B6 /* LaunchScreen.storyboard */,
				8885775129E1CA8500DE06B6 /* Info.plist */,
			);
			path = Instagram_Clone;
			sourceTree = "<group>";
		};
		8885775929E1CA8500DE06B6 /* Instagram_CloneTests */ = {
			isa = PBXGroup;
			children = (
				8885775A29E1CA8500DE06B6 /* Instagram_CloneTests.swift */,
			);
			path = Instagram_CloneTests;
			sourceTree = "<group>";
		};
		8885776329E1CA8500DE06B6 /* Instagram_CloneUITests */ = {
			isa = PBXGroup;
			children = (
				8885776429E1CA8500DE06B6 /* Instagram_CloneUITests.swift */,
				8885776629E1CA8500DE06B6 /* Instagram_CloneUITestsLaunchTests.swift */,
			);
			path = Instagram_CloneUITests;
			sourceTree = "<group>";
		};
/* End PBXGroup section */

/* Begin PBXNativeTarget section */
		8885773F29E1CA8200DE06B6 /* Instagram_Clone */ = {
			isa = PBXNativeTarget;
			buildConfigurationList = 8885776A29E1CA8500DE06B6 /* Build configuration list for PBXNativeTarget "Instagram_Clone" */;
			buildPhases = (
				8885773C29E1CA8200DE06B6 /* Sources */,
				8885773D29E1CA8200DE06B6 /* Frameworks */,
				8885773E29E1CA8200DE06B6 /* Resources */,
			);
			buildRules = (
			);
			dependencies = (
			);
			name = Instagram_Clone;
			productName = Instagram_Clone;
			productReference = 8885774029E1CA8200DE06B6 /* Instagram_Clone.app */;
			productType = "com.apple.product-type.application";
		};
		8885775529E1CA8500DE06B6 /* Instagram_CloneTests */ = {
			isa = PBXNativeTarget;
			buildConfigurationList = 8885776D29E1CA8500DE06B6 /* Build configuration list for PBXNativeTarget "Instagram_CloneTests" */;
			buildPhases = (
				8885775229E1CA8500DE06B6 /* Sources */,
				8885775329E1CA8500DE06B6 /* Frameworks */,
				8885775429E1CA8500DE06B6 /* Resources */,
			);
			buildRules = (
			);
			dependencies = (
				8885775829E1CA8500DE06B6 /* PBXTargetDependency */,
			);
			name = Instagram_CloneTests;
			productName = Instagram_CloneTests;
			productReference = 8885775629E1CA8500DE06B6 /* Instagram_CloneTests.xctest */;
			productType = "com.apple.product-type.bundle.unit-test";
		};
		8885775F29E1CA8500DE06B6 /* Instagram_CloneUITests */ = {
			isa = PBXNativeTarget;
			buildConfigurationList = 8885777029E1CA8500DE06B6 /* Build configuration list for PBXNativeTarget "Instagram_CloneUITests" */;
			buildPhases = (
				8885775C29E1CA8500DE06B6 /* Sources */,
				8885775D29E1CA8500DE06B6 /* Frameworks */,
				8885775E29E1CA8500DE06B6 /* Resources */,
			);
			buildRules = (
			);
			dependencies = (
				8885776229E1CA8500DE06B6 /* PBXTargetDependency */,
			);
			name = Instagram_CloneUITests;
			productName = Instagram_CloneUITests;
			productReference = 8885776029E1CA8500DE06B6 /* Instagram_CloneUITests.xctest */;
			productType = "com.apple.product-type.bundle.ui-testing";
		};
/* End PBXNativeTarget section */

/* Begin PBXProject section */
		8885773829E1CA8200DE06B6 /* Project object */ = {
			isa = PBXProject;
			attributes = {
				BuildIndependentTargetsInParallel = 1;
				LastSwiftUpdateCheck = 1420;
				LastUpgradeCheck = 1420;
				TargetAttributes = {
					8885773F29E1CA8200DE06B6 = {
						CreatedOnToolsVersion = 14.2;
					};
					8885775529E1CA8500DE06B6 = {
						CreatedOnToolsVersion = 14.2;
						TestTargetID = 8885773F29E1CA8200DE06B6;
					};
					8885775F29E1CA8500DE06B6 = {
						CreatedOnToolsVersion = 14.2;
						TestTargetID = 8885773F29E1CA8200DE06B6;
					};
				};
			};
			buildConfigurationList = 8885773B29E1CA8200DE06B6 /* Build configuration list for PBXProject "Instagram_Clone" */;
			compatibilityVersion = "Xcode 14.0";
			developmentRegion = en;
			hasScannedForEncodings = 0;
			knownRegions = (
				en,
				Base,
			);
			mainGroup = 8885773729E1CA8200DE06B6;
			productRefGroup = 8885774129E1CA8200DE06B6 /* Products */;
			projectDirPath = "";
			projectRoot = "";
			targets = (
				8885773F29E1CA8200DE06B6 /* Instagram_Clone */,
				8885775529E1CA8500DE06B6 /* Instagram_CloneTests */,
				8885775F29E1CA8500DE06B6 /* Instagram_CloneUITests */,
			);
		};
/* End PBXProject section */

/* Begin PBXResourcesBuildPhase section */
		8885773E29E1CA8200DE06B6 /* Resources */ = {
			isa = PBXResourcesBuildPhase;
			buildActionMask = 2147483647;
			files = (
				8885775029E1CA8500DE06B6 /* LaunchScreen.storyboard in Resources */,
				8885774D29E1CA8500DE06B6 /* Assets.xcassets in Resources */,
				8885774B29E1CA8200DE06B6 /* Main.storyboard in Resources */,
			);
			runOnlyForDeploymentPostprocessing = 0;
		};
		8885775429E1CA8500DE06B6 /* Resources */ = {
			isa = PBXResourcesBuildPhase;
			buildActionMask = 2147483647;
			files = (
			);
			runOnlyForDeploymentPostprocessing = 0;
		};
		8885775E29E1CA8500DE06B6 /* Resources */ = {
			isa = PBXResourcesBuildPhase;
			buildActionMask = 2147483647;
			files = (
			);
			runOnlyForDeploymentPostprocessing = 0;
		};
/* End PBXResourcesBuildPhase section */

/* Begin PBXSourcesBuildPhase section */
		8885773C29E1CA8200DE06B6 /* Sources */ = {
			isa = PBXSourcesBuildPhase;
			buildActionMask = 2147483647;
			files = (
				8885774829E1CA8200DE06B6 /* ViewController.swift in Sources */,
				8885774429E1CA8200DE06B6 /* AppDelegate.swift in Sources */,
				8885774629E1CA8200DE06B6 /* SceneDelegate.swift in Sources */,
			);
			runOnlyForDeploymentPostprocessing = 0;
		};
		8885775229E1CA8500DE06B6 /* Sources */ = {
			isa = PBXSourcesBuildPhase;
			buildActionMask = 2147483647;
			files = (
				8885775B29E1CA8500DE06B6 /* Instagram_CloneTests.swift in Sources */,
			);
			runOnlyForDeploymentPostprocessing = 0;
		};
		8885775C29E1CA8500DE06B6 /* Sources */ = {
			isa = PBXSourcesBuildPhase;
			buildActionMask = 2147483647;
			files = (
				8885776529E1CA8500DE06B6 /* Instagram_CloneUITests.swift in Sources */,
				8885776729E1CA8500DE06B6 /* Instagram_CloneUITestsLaunchTests.swift in Sources */,
			);
			runOnlyForDeploymentPostprocessing = 0;
		};
/* End PBXSourcesBuildPhase section */

/* Begin PBXTargetDependency section */
		8885775829E1CA8500DE06B6 /* PBXTargetDependency */ = {
			isa = PBXTargetDependency;
			target = 8885773F29E1CA8200DE06B6 /* Instagram_Clone */;
			targetProxy = 8885775729E1CA8500DE06B6 /* PBXContainerItemProxy */;
		};
		8885776229E1CA8500DE06B6 /* PBXTargetDependency */ = {
			isa = PBXTargetDependency;
			target = 8885773F29E1CA8200DE06B6 /* Instagram_Clone */;
			targetProxy = 8885776129E1CA8500DE06B6 /* PBXContainerItemProxy */;
		};
/* End PBXTargetDependency section */

/* Begin PBXVariantGroup section */
		8885774929E1CA8200DE06B6 /* Main.storyboard */ = {
			isa = PBXVariantGroup;
			children = (
				8885774A29E1CA8200DE06B6 /* Base */,
			);
			name = Main.storyboard;
			sourceTree = "<group>";
		};
		8885774E29E1CA8500DE06B6 /* LaunchScreen.storyboard */ = {
			isa = PBXVariantGroup;
			children = (
				8885774F29E1CA8500DE06B6 /* Base */,
			);
			name = LaunchScreen.storyboard;
			sourceTree = "<group>";
		};
/* End PBXVariantGroup section */

/* Begin XCBuildConfiguration section */
		8885776829E1CA8500DE06B6 /* Debug */ = {
			isa = XCBuildConfiguration;
			buildSettings = {
				ALWAYS_SEARCH_USER_PATHS = NO;
				CLANG_ANALYZER_NONNULL = YES;
				CLANG_ANALYZER_NUMBER_OBJECT_CONVERSION = YES_AGGRESSIVE;
				CLANG_CXX_LANGUAGE_STANDARD = "gnu++20";
				CLANG_ENABLE_MODULES = YES;
				CLANG_ENABLE_OBJC_ARC = YES;
				CLANG_ENABLE_OBJC_WEAK = YES;
				CLANG_WARN_BLOCK_CAPTURE_AUTORELEASING = YES;
				CLANG_WARN_BOOL_CONVERSION = YES;
				CLANG_WARN_COMMA = YES;
				CLANG_WARN_CONSTANT_CONVERSION = YES;
				CLANG_WARN_DEPRECATED_OBJC_IMPLEMENTATIONS = YES;
				CLANG_WARN_DIRECT_OBJC_ISA_USAGE = YES_ERROR;
				CLANG_WARN_DOCUMENTATION_COMMENTS = YES;
				CLANG_WARN_EMPTY_BODY = YES;
				CLANG_WARN_ENUM_CONVERSION = YES;
				CLANG_WARN_INFINITE_RECURSION = YES;
				CLANG_WARN_INT_CONVERSION = YES;
				CLANG_WARN_NON_LITERAL_NULL_CONVERSION = YES;
				CLANG_WARN_OBJC_IMPLICIT_RETAIN_SELF = YES;
				CLANG_WARN_OBJC_LITERAL_CONVERSION = YES;
				CLANG_WARN_OBJC_ROOT_CLASS = YES_ERROR;
				CLANG_WARN_QUOTED_INCLUDE_IN_FRAMEWORK_HEADER = YES;
				CLANG_WARN_RANGE_LOOP_ANALYSIS = YES;
				CLANG_WARN_STRICT_PROTOTYPES = YES;
				CLANG_WARN_SUSPICIOUS_MOVE = YES;
				CLANG_WARN_UNGUARDED_AVAILABILITY = YES_AGGRESSIVE;
				CLANG_WARN_UNREACHABLE_CODE = YES;
				CLANG_WARN__DUPLICATE_METHOD_MATCH = YES;
				COPY_PHASE_STRIP = NO;
				DEBUG_INFORMATION_FORMAT = dwarf;
				ENABLE_STRICT_OBJC_MSGSEND = YES;
				ENABLE_TESTABILITY = YES;
				GCC_C_LANGUAGE_STANDARD = gnu11;
				GCC_DYNAMIC_NO_PIC = NO;
				GCC_NO_COMMON_BLOCKS = YES;
				GCC_OPTIMIZATION_LEVEL = 0;
				GCC_PREPROCESSOR_DEFINITIONS = (
					"DEBUG=1",
					"$(inherited)",
				);
				GCC_WARN_64_TO_32_BIT_CONVERSION = YES;
				GCC_WARN_ABOUT_RETURN_TYPE = YES_ERROR;
				GCC_WARN_UNDECLARED_SELECTOR = YES;
				GCC_WARN_UNINITIALIZED_AUTOS = YES_AGGRESSIVE;
				GCC_WARN_UNUSED_FUNCTION = YES;
				GCC_WARN_UNUSED_VARIABLE = YES;
				IPHONEOS_DEPLOYMENT_TARGET = 16.2;
				MTL_ENABLE_DEBUG_INFO = INCLUDE_SOURCE;
				MTL_FAST_MATH = YES;
				ONLY_ACTIVE_ARCH = YES;
				SDKROOT = iphoneos;
				SWIFT_ACTIVE_COMPILATION_CONDITIONS = DEBUG;
				SWIFT_OPTIMIZATION_LEVEL = "-Onone";
			};
			name = Debug;
		};
		8885776929E1CA8500DE06B6 /* Release */ = {
			isa = XCBuildConfiguration;
			buildSettings = {
				ALWAYS_SEARCH_USER_PATHS = NO;
				CLANG_ANALYZER_NONNULL = YES;
				CLANG_ANALYZER_NUMBER_OBJECT_CONVERSION = YES_AGGRESSIVE;
				CLANG_CXX_LANGUAGE_STANDARD = "gnu++20";
				CLANG_ENABLE_MODULES = YES;
				CLANG_ENABLE_OBJC_ARC = YES;
				CLANG_ENABLE_OBJC_WEAK = YES;
				CLANG_WARN_BLOCK_CAPTURE_AUTORELEASING = YES;
				CLANG_WARN_BOOL_CONVERSION = YES;
				CLANG_WARN_COMMA = YES;
				CLANG_WARN_CONSTANT_CONVERSION = YES;
				CLANG_WARN_DEPRECATED_OBJC_IMPLEMENTATIONS = YES;
				CLANG_WARN_DIRECT_OBJC_ISA_USAGE = YES_ERROR;
				CLANG_WARN_DOCUMENTATION_COMMENTS = YES;
				CLANG_WARN_EMPTY_BODY = YES;
				CLANG_WARN_ENUM_CONVERSION = YES;
				CLANG_WARN_INFINITE_RECURSION = YES;
				CLANG_WARN_INT_CONVERSION = YES;
				CLANG_WARN_NON_LITERAL_NULL_CONVERSION = YES;
				CLANG_WARN_OBJC_IMPLICIT_RETAIN_SELF = YES;
				CLANG_WARN_OBJC_LITERAL_CONVERSION = YES;
				CLANG_WARN_OBJC_ROOT_CLASS = YES_ERROR;
				CLANG_WARN_QUOTED_INCLUDE_IN_FRAMEWORK_HEADER = YES;
				CLANG_WARN_RANGE_LOOP_ANALYSIS = YES;
				CLANG_WARN_STRICT_PROTOTYPES = YES;
				CLANG_WARN_SUSPICIOUS_MOVE = YES;
				CLANG_WARN_UNGUARDED_AVAILABILITY = YES_AGGRESSIVE;
				CLANG_WARN_UNREACHABLE_CODE = YES;
				CLANG_WARN__DUPLICATE_METHOD_MATCH = YES;
				COPY_PHASE_STRIP = NO;
				DEBUG_INFORMATION_FORMAT = "dwarf-with-dsym";
				ENABLE_NS_ASSERTIONS = NO;
				ENABLE_STRICT_OBJC_MSGSEND = YES;
				GCC_C_LANGUAGE_STANDARD = gnu11;
				GCC_NO_COMMON_BLOCKS = YES;
				GCC_WARN_64_TO_32_BIT_CONVERSION = YES;
				GCC_WARN_ABOUT_RETURN_TYPE = YES_ERROR;
				GCC_WARN_UNDECLARED_SELECTOR = YES;
				GCC_WARN_UNINITIALIZED_AUTOS = YES_AGGRESSIVE;
				GCC_WARN_UNUSED_FUNCTION = YES;
				GCC_WARN_UNUSED_VARIABLE = YES;
				IPHONEOS_DEPLOYMENT_TARGET = 16.2;
				MTL_ENABLE_DEBUG_INFO = NO;
				MTL_FAST_MATH = YES;
				SDKROOT = iphoneos;
				SWIFT_COMPILATION_MODE = wholemodule;
				SWIFT_OPTIMIZATION_LEVEL = "-O";
				VALIDATE_PRODUCT = YES;
			};
			name = Release;
		};
		8885776B29E1CA8500DE06B6 /* Debug */ = {
			isa = XCBuildConfiguration;
			buildSettings = {
				ASSETCATALOG_COMPILER_APPICON_NAME = AppIcon;
				ASSETCATALOG_COMPILER_GLOBAL_ACCENT_COLOR_NAME = AccentColor;
				CODE_SIGN_STYLE = Automatic;
				CURRENT_PROJECT_VERSION = 1;
				GENERATE_INFOPLIST_FILE = YES;
				INFOPLIST_FILE = Instagram_Clone/Info.plist;
				INFOPLIST_KEY_UIApplicationSupportsIndirectInputEvents = YES;
				INFOPLIST_KEY_UILaunchStoryboardName = LaunchScreen;
				INFOPLIST_KEY_UIMainStoryboardFile = Main;
				INFOPLIST_KEY_UISupportedInterfaceOrientations_iPad = "UIInterfaceOrientationPortrait UIInterfaceOrientationPortraitUpsideDown UIInterfaceOrientationLandscapeLeft UIInterfaceOrientationLandscapeRight";
				INFOPLIST_KEY_UISupportedInterfaceOrientations_iPhone = "UIInterfaceOrientationPortrait UIInterfaceOrientationLandscapeLeft UIInterfaceOrientationLandscapeRight";
				LD_RUNPATH_SEARCH_PATHS = (
					"$(inherited)",
					"@executable_path/Frameworks",
				);
				MARKETING_VERSION = 1.0;
				PRODUCT_BUNDLE_IDENTIFIER = "com.mine.Instagram-Clone";
				PRODUCT_NAME = "$(TARGET_NAME)";
				SWIFT_EMIT_LOC_STRINGS = YES;
				SWIFT_VERSION = 5.0;
				TARGETED_DEVICE_FAMILY = "1,2";
			};
			name = Debug;
		};
		8885776C29E1CA8500DE06B6 /* Release */ = {
			isa = XCBuildConfiguration;
			buildSettings = {
				ASSETCATALOG_COMPILER_APPICON_NAME = AppIcon;
				ASSETCATALOG_COMPILER_GLOBAL_ACCENT_COLOR_NAME = AccentColor;
				CODE_SIGN_STYLE = Automatic;
				CURRENT_PROJECT_VERSION = 1;
				GENERATE_INFOPLIST_FILE = YES;
				INFOPLIST_FILE = Instagram_Clone/Info.plist;
				INFOPLIST_KEY_UIApplicationSupportsIndirectInputEvents = YES;
				INFOPLIST_KEY_UILaunchStoryboardName = LaunchScreen;
				INFOPLIST_KEY_UIMainStoryboardFile = Main;
				INFOPLIST_KEY_UISupportedInterfaceOrientations_iPad = "UIInterfaceOrientationPortrait UIInterfaceOrientationPortraitUpsideDown UIInterfaceOrientationLandscapeLeft UIInterfaceOrientationLandscapeRight";
				INFOPLIST_KEY_UISupportedInterfaceOrientations_iPhone = "UIInterfaceOrientationPortrait UIInterfaceOrientationLandscapeLeft UIInterfaceOrientationLandscapeRight";
				LD_RUNPATH_SEARCH_PATHS = (
					"$(inherited)",
					"@executable_path/Frameworks",
				);
				MARKETING_VERSION = 1.0;
				PRODUCT_BUNDLE_IDENTIFIER = "com.mine.Instagram-Clone";
				PRODUCT_NAME = "$(TARGET_NAME)";
				SWIFT_EMIT_LOC_STRINGS = YES;
				SWIFT_VERSION = 5.0;
				TARGETED_DEVICE_FAMILY = "1,2";
			};
			name = Release;
		};
		8885776E29E1CA8500DE06B6 /* Debug */ = {
			isa = XCBuildConfiguration;
			buildSettings = {
				ALWAYS_EMBED_SWIFT_STANDARD_LIBRARIES = YES;
				BUNDLE_LOADER = "$(TEST_HOST)";
				CODE_SIGN_STYLE = Automatic;
				CURRENT_PROJECT_VERSION = 1;
				GENERATE_INFOPLIST_FILE = YES;
				IPHONEOS_DEPLOYMENT_TARGET = 16.2;
				MARKETING_VERSION = 1.0;
				PRODUCT_BUNDLE_IDENTIFIER = "com.mine.Instagram-CloneTests";
				PRODUCT_NAME = "$(TARGET_NAME)";
				SWIFT_EMIT_LOC_STRINGS = NO;
				SWIFT_VERSION = 5.0;
				TARGETED_DEVICE_FAMILY = "1,2";
				TEST_HOST = "$(BUILT_PRODUCTS_DIR)/Instagram_Clone.app/$(BUNDLE_EXECUTABLE_FOLDER_PATH)/Instagram_Clone";
			};
			name = Debug;
		};
		8885776F29E1CA8500DE06B6 /* Release */ = {
			isa = XCBuildConfiguration;
			buildSettings = {
				ALWAYS_EMBED_SWIFT_STANDARD_LIBRARIES = YES;
				BUNDLE_LOADER = "$(TEST_HOST)";
				CODE_SIGN_STYLE = Automatic;
				CURRENT_PROJECT_VERSION = 1;
				GENERATE_INFOPLIST_FILE = YES;
				IPHONEOS_DEPLOYMENT_TARGET = 16.2;
				MARKETING_VERSION = 1.0;
				PRODUCT_BUNDLE_IDENTIFIER = "com.mine.Instagram-CloneTests";
				PRODUCT_NAME = "$(TARGET_NAME)";
				SWIFT_EMIT_LOC_STRINGS = NO;
				SWIFT_VERSION = 5.0;
				TARGETED_DEVICE_FAMILY = "1,2";
				TEST_HOST = "$(BUILT_PRODUCTS_DIR)/Instagram_Clone.app/$(BUNDLE_EXECUTABLE_FOLDER_PATH)/Instagram_Clone";
			};
			name = Release;
		};
		8885777129E1CA8500DE06B6 /* Debug */ = {
			isa = XCBuildConfiguration;
			buildSettings = {
				ALWAYS_EMBED_SWIFT_STANDARD_LIBRARIES = YES;
				CODE_SIGN_STYLE = Automatic;
				CURRENT_PROJECT_VERSION = 1;
				GENERATE_INFOPLIST_FILE = YES;
				MARKETING_VERSION = 1.0;
				PRODUCT_BUNDLE_IDENTIFIER = "com.mine.Instagram-CloneUITests";
				PRODUCT_NAME = "$(TARGET_NAME)";
				SWIFT_EMIT_LOC_STRINGS = NO;
				SWIFT_VERSION = 5.0;
				TARGETED_DEVICE_FAMILY = "1,2";
				TEST_TARGET_NAME = Instagram_Clone;
			};
			name = Debug;
		};
		8885777229E1CA8500DE06B6 /* Release */ = {
			isa = XCBuildConfiguration;
			buildSettings = {
				ALWAYS_EMBED_SWIFT_STANDARD_LIBRARIES = YES;
				CODE_SIGN_STYLE = Automatic;
				CURRENT_PROJECT_VERSION = 1;
				GENERATE_INFOPLIST_FILE = YES;
				MARKETING_VERSION = 1.0;
				PRODUCT_BUNDLE_IDENTIFIER = "com.mine.Instagram-CloneUITests";
				PRODUCT_NAME = "$(TARGET_NAME)";
				SWIFT_EMIT_LOC_STRINGS = NO;
				SWIFT_VERSION = 5.0;
				TARGETED_DEVICE_FAMILY = "1,2";
				TEST_TARGET_NAME = Instagram_Clone;
			};
			name = Release;
		};
/* End XCBuildConfiguration section */

/* Begin XCConfigurationList section */
		8885773B29E1CA8200DE06B6 /* Build configuration list for PBXProject "Instagram_Clone" */ = {
			isa = XCConfigurationList;
			buildConfigurations = (
				8885776829E1CA8500DE06B6 /* Debug */,
				8885776929E1CA8500DE06B6 /* Release */,
			);
			defaultConfigurationIsVisible = 0;
			defaultConfigurationName = Release;
		};
		8885776A29E1CA8500DE06B6 /* Build configuration list for PBXNativeTarget "Instagram_Clone" */ = {
			isa = XCConfigurationList;
			buildConfigurations = (
				8885776B29E1CA8500DE06B6 /* Debug */,
				8885776C29E1CA8500DE06B6 /* Release */,
			);
			defaultConfigurationIsVisible = 0;
			defaultConfigurationName = Release;
		};
		8885776D29E1CA8500DE06B6 /* Build configuration list for PBXNativeTarget "Instagram_CloneTests" */ = {
			isa = XCConfigurationList;
			buildConfigurations = (
				8885776E29E1CA8500DE06B6 /* Debug */,
				8885776F29E1CA8500DE06B6 /* Release */,
			);
			defaultConfigurationIsVisible = 0;
			defaultConfigurationName = Release;
		};
		8885777029E1CA8500DE06B6 /* Build configuration list for PBXNativeTarget "Instagram_CloneUITests" */ = {
			isa = XCConfigurationList;
			buildConfigurations = (
				8885777129E1CA8500DE06B6 /* Debug */,
				8885777229E1CA8500DE06B6 /* Release */,
			);
			defaultConfigurationIsVisible = 0;
			defaultConfigurationName = Release;
		};
/* End XCConfigurationList section */
	};
	rootObject = 8885773829E1CA8200DE06B6 /* Project object */;
}
