// !$*UTF8*$!
{
	archiveVersion = 1;
	classes = {
	};
	objectVersion = 56;
	objects = {

/* Begin PBXBuildFile section */
		DDFA27F329FBCA3C001F4844 /* AppDelegate.swift in Sources */ = {isa = PBXBuildFile; fileRef = DDFA27F229FBCA3C001F4844 /* AppDelegate.swift */; };
		DDFA27F529FBCA3C001F4844 /* SceneDelegate.swift in Sources */ = {isa = PBXBuildFile; fileRef = DDFA27F429FBCA3C001F4844 /* SceneDelegate.swift */; };
		DDFA27F729FBCA3C001F4844 /* ViewController.swift in Sources */ = {isa = PBXBuildFile; fileRef = DDFA27F629FBCA3C001F4844 /* ViewController.swift */; };
		DDFA27FA29FBCA3C001F4844 /* Main.storyboard in Resources */ = {isa = PBXBuildFile; fileRef = DDFA27F829FBCA3C001F4844 /* Main.storyboard */; };
		DDFA27FC29FBCA3E001F4844 /* Assets.xcassets in Resources */ = {isa = PBXBuildFile; fileRef = DDFA27FB29FBCA3E001F4844 /* Assets.xcassets */; };
		DDFA27FF29FBCA3E001F4844 /* LaunchScreen.storyboard in Resources */ = {isa = PBXBuildFile; fileRef = DDFA27FD29FBCA3E001F4844 /* LaunchScreen.storyboard */; };
		DDFA280A29FBCA3E001F4844 /* Practice_1Tests.swift in Sources */ = {isa = PBXBuildFile; fileRef = DDFA280929FBCA3E001F4844 /* Practice_1Tests.swift */; };
		DDFA281429FBCA3E001F4844 /* Practice_1UITests.swift in Sources */ = {isa = PBXBuildFile; fileRef = DDFA281329FBCA3E001F4844 /* Practice_1UITests.swift */; };
		DDFA281629FBCA3E001F4844 /* Practice_1UITestsLaunchTests.swift in Sources */ = {isa = PBXBuildFile; fileRef = DDFA281529FBCA3E001F4844 /* Practice_1UITestsLaunchTests.swift */; };
/* End PBXBuildFile section */

/* Begin PBXContainerItemProxy section */
		DDFA280629FBCA3E001F4844 /* PBXContainerItemProxy */ = {
			isa = PBXContainerItemProxy;
			containerPortal = DDFA27E729FBCA3C001F4844 /* Project object */;
			proxyType = 1;
			remoteGlobalIDString = DDFA27EE29FBCA3C001F4844;
			remoteInfo = Practice_1;
		};
		DDFA281029FBCA3E001F4844 /* PBXContainerItemProxy */ = {
			isa = PBXContainerItemProxy;
			containerPortal = DDFA27E729FBCA3C001F4844 /* Project object */;
			proxyType = 1;
			remoteGlobalIDString = DDFA27EE29FBCA3C001F4844;
			remoteInfo = Practice_1;
		};
/* End PBXContainerItemProxy section */

/* Begin PBXFileReference section */
		DDFA27EF29FBCA3C001F4844 /* Practice_1.app */ = {isa = PBXFileReference; explicitFileType = wrapper.application; includeInIndex = 0; path = Practice_1.app; sourceTree = BUILT_PRODUCTS_DIR; };
		DDFA27F229FBCA3C001F4844 /* AppDelegate.swift */ = {isa = PBXFileReference; lastKnownFileType = sourcecode.swift; path = AppDelegate.swift; sourceTree = "<group>"; };
		DDFA27F429FBCA3C001F4844 /* SceneDelegate.swift */ = {isa = PBXFileReference; lastKnownFileType = sourcecode.swift; path = SceneDelegate.swift; sourceTree = "<group>"; };
		DDFA27F629FBCA3C001F4844 /* ViewController.swift */ = {isa = PBXFileReference; lastKnownFileType = sourcecode.swift; path = ViewController.swift; sourceTree = "<group>"; };
		DDFA27F929FBCA3C001F4844 /* Base */ = {isa = PBXFileReference; lastKnownFileType = file.storyboard; name = Base; path = Base.lproj/Main.storyboard; sourceTree = "<group>"; };
		DDFA27FB29FBCA3E001F4844 /* Assets.xcassets */ = {isa = PBXFileReference; lastKnownFileType = folder.assetcatalog; path = Assets.xcassets; sourceTree = "<group>"; };
		DDFA27FE29FBCA3E001F4844 /* Base */ = {isa = PBXFileReference; lastKnownFileType = file.storyboard; name = Base; path = Base.lproj/LaunchScreen.storyboard; sourceTree = "<group>"; };
		DDFA280029FBCA3E001F4844 /* Info.plist */ = {isa = PBXFileReference; lastKnownFileType = text.plist.xml; path = Info.plist; sourceTree = "<group>"; };
		DDFA280529FBCA3E001F4844 /* Practice_1Tests.xctest */ = {isa = PBXFileReference; explicitFileType = wrapper.cfbundle; includeInIndex = 0; path = Practice_1Tests.xctest; sourceTree = BUILT_PRODUCTS_DIR; };
		DDFA280929FBCA3E001F4844 /* Practice_1Tests.swift */ = {isa = PBXFileReference; lastKnownFileType = sourcecode.swift; path = Practice_1Tests.swift; sourceTree = "<group>"; };
		DDFA280F29FBCA3E001F4844 /* Practice_1UITests.xctest */ = {isa = PBXFileReference; explicitFileType = wrapper.cfbundle; includeInIndex = 0; path = Practice_1UITests.xctest; sourceTree = BUILT_PRODUCTS_DIR; };
		DDFA281329FBCA3E001F4844 /* Practice_1UITests.swift */ = {isa = PBXFileReference; lastKnownFileType = sourcecode.swift; path = Practice_1UITests.swift; sourceTree = "<group>"; };
		DDFA281529FBCA3E001F4844 /* Practice_1UITestsLaunchTests.swift */ = {isa = PBXFileReference; lastKnownFileType = sourcecode.swift; path = Practice_1UITestsLaunchTests.swift; sourceTree = "<group>"; };
/* End PBXFileReference section */

/* Begin PBXFrameworksBuildPhase section */
		DDFA27EC29FBCA3C001F4844 /* Frameworks */ = {
			isa = PBXFrameworksBuildPhase;
			buildActionMask = 2147483647;
			files = (
			);
			runOnlyForDeploymentPostprocessing = 0;
		};
		DDFA280229FBCA3E001F4844 /* Frameworks */ = {
			isa = PBXFrameworksBuildPhase;
			buildActionMask = 2147483647;
			files = (
			);
			runOnlyForDeploymentPostprocessing = 0;
		};
		DDFA280C29FBCA3E001F4844 /* Frameworks */ = {
			isa = PBXFrameworksBuildPhase;
			buildActionMask = 2147483647;
			files = (
			);
			runOnlyForDeploymentPostprocessing = 0;
		};
/* End PBXFrameworksBuildPhase section */

/* Begin PBXGroup section */
		DDFA27E629FBCA3C001F4844 = {
			isa = PBXGroup;
			children = (
				DDFA27F129FBCA3C001F4844 /* Practice_1 */,
				DDFA280829FBCA3E001F4844 /* Practice_1Tests */,
				DDFA281229FBCA3E001F4844 /* Practice_1UITests */,
				DDFA27F029FBCA3C001F4844 /* Products */,
			);
			sourceTree = "<group>";
		};
		DDFA27F029FBCA3C001F4844 /* Products */ = {
			isa = PBXGroup;
			children = (
				DDFA27EF29FBCA3C001F4844 /* Practice_1.app */,
				DDFA280529FBCA3E001F4844 /* Practice_1Tests.xctest */,
				DDFA280F29FBCA3E001F4844 /* Practice_1UITests.xctest */,
			);
			name = Products;
			sourceTree = "<group>";
		};
		DDFA27F129FBCA3C001F4844 /* Practice_1 */ = {
			isa = PBXGroup;
			children = (
				DDFA27F229FBCA3C001F4844 /* AppDelegate.swift */,
				DDFA27F429FBCA3C001F4844 /* SceneDelegate.swift */,
				DDFA27F629FBCA3C001F4844 /* ViewController.swift */,
				DDFA27F829FBCA3C001F4844 /* Main.storyboard */,
				DDFA27FB29FBCA3E001F4844 /* Assets.xcassets */,
				DDFA27FD29FBCA3E001F4844 /* LaunchScreen.storyboard */,
				DDFA280029FBCA3E001F4844 /* Info.plist */,
			);
			path = Practice_1;
			sourceTree = "<group>";
		};
		DDFA280829FBCA3E001F4844 /* Practice_1Tests */ = {
			isa = PBXGroup;
			children = (
				DDFA280929FBCA3E001F4844 /* Practice_1Tests.swift */,
			);
			path = Practice_1Tests;
			sourceTree = "<group>";
		};
		DDFA281229FBCA3E001F4844 /* Practice_1UITests */ = {
			isa = PBXGroup;
			children = (
				DDFA281329FBCA3E001F4844 /* Practice_1UITests.swift */,
				DDFA281529FBCA3E001F4844 /* Practice_1UITestsLaunchTests.swift */,
			);
			path = Practice_1UITests;
			sourceTree = "<group>";
		};
/* End PBXGroup section */

/* Begin PBXNativeTarget section */
		DDFA27EE29FBCA3C001F4844 /* Practice_1 */ = {
			isa = PBXNativeTarget;
			buildConfigurationList = DDFA281929FBCA3E001F4844 /* Build configuration list for PBXNativeTarget "Practice_1" */;
			buildPhases = (
				DDFA27EB29FBCA3C001F4844 /* Sources */,
				DDFA27EC29FBCA3C001F4844 /* Frameworks */,
				DDFA27ED29FBCA3C001F4844 /* Resources */,
			);
			buildRules = (
			);
			dependencies = (
			);
			name = Practice_1;
			productName = Practice_1;
			productReference = DDFA27EF29FBCA3C001F4844 /* Practice_1.app */;
			productType = "com.apple.product-type.application";
		};
		DDFA280429FBCA3E001F4844 /* Practice_1Tests */ = {
			isa = PBXNativeTarget;
			buildConfigurationList = DDFA281C29FBCA3E001F4844 /* Build configuration list for PBXNativeTarget "Practice_1Tests" */;
			buildPhases = (
				DDFA280129FBCA3E001F4844 /* Sources */,
				DDFA280229FBCA3E001F4844 /* Frameworks */,
				DDFA280329FBCA3E001F4844 /* Resources */,
			);
			buildRules = (
			);
			dependencies = (
				DDFA280729FBCA3E001F4844 /* PBXTargetDependency */,
			);
			name = Practice_1Tests;
			productName = Practice_1Tests;
			productReference = DDFA280529FBCA3E001F4844 /* Practice_1Tests.xctest */;
			productType = "com.apple.product-type.bundle.unit-test";
		};
		DDFA280E29FBCA3E001F4844 /* Practice_1UITests */ = {
			isa = PBXNativeTarget;
			buildConfigurationList = DDFA281F29FBCA3E001F4844 /* Build configuration list for PBXNativeTarget "Practice_1UITests" */;
			buildPhases = (
				DDFA280B29FBCA3E001F4844 /* Sources */,
				DDFA280C29FBCA3E001F4844 /* Frameworks */,
				DDFA280D29FBCA3E001F4844 /* Resources */,
			);
			buildRules = (
			);
			dependencies = (
				DDFA281129FBCA3E001F4844 /* PBXTargetDependency */,
			);
			name = Practice_1UITests;
			productName = Practice_1UITests;
			productReference = DDFA280F29FBCA3E001F4844 /* Practice_1UITests.xctest */;
			productType = "com.apple.product-type.bundle.ui-testing";
		};
/* End PBXNativeTarget section */

/* Begin PBXProject section */
		DDFA27E729FBCA3C001F4844 /* Project object */ = {
			isa = PBXProject;
			attributes = {
				BuildIndependentTargetsInParallel = 1;
				LastSwiftUpdateCheck = 1430;
				LastUpgradeCheck = 1430;
				TargetAttributes = {
					DDFA27EE29FBCA3C001F4844 = {
						CreatedOnToolsVersion = 14.3;
					};
					DDFA280429FBCA3E001F4844 = {
						CreatedOnToolsVersion = 14.3;
						TestTargetID = DDFA27EE29FBCA3C001F4844;
					};
					DDFA280E29FBCA3E001F4844 = {
						CreatedOnToolsVersion = 14.3;
						TestTargetID = DDFA27EE29FBCA3C001F4844;
					};
				};
			};
			buildConfigurationList = DDFA27EA29FBCA3C001F4844 /* Build configuration list for PBXProject "Practice_1" */;
			compatibilityVersion = "Xcode 14.0";
			developmentRegion = en;
			hasScannedForEncodings = 0;
			knownRegions = (
				en,
				Base,
			);
			mainGroup = DDFA27E629FBCA3C001F4844;
			productRefGroup = DDFA27F029FBCA3C001F4844 /* Products */;
			projectDirPath = "";
			projectRoot = "";
			targets = (
				DDFA27EE29FBCA3C001F4844 /* Practice_1 */,
				DDFA280429FBCA3E001F4844 /* Practice_1Tests */,
				DDFA280E29FBCA3E001F4844 /* Practice_1UITests */,
			);
		};
/* End PBXProject section */

/* Begin PBXResourcesBuildPhase section */
		DDFA27ED29FBCA3C001F4844 /* Resources */ = {
			isa = PBXResourcesBuildPhase;
			buildActionMask = 2147483647;
			files = (
				DDFA27FF29FBCA3E001F4844 /* LaunchScreen.storyboard in Resources */,
				DDFA27FC29FBCA3E001F4844 /* Assets.xcassets in Resources */,
				DDFA27FA29FBCA3C001F4844 /* Main.storyboard in Resources */,
			);
			runOnlyForDeploymentPostprocessing = 0;
		};
		DDFA280329FBCA3E001F4844 /* Resources */ = {
			isa = PBXResourcesBuildPhase;
			buildActionMask = 2147483647;
			files = (
			);
			runOnlyForDeploymentPostprocessing = 0;
		};
		DDFA280D29FBCA3E001F4844 /* Resources */ = {
			isa = PBXResourcesBuildPhase;
			buildActionMask = 2147483647;
			files = (
			);
			runOnlyForDeploymentPostprocessing = 0;
		};
/* End PBXResourcesBuildPhase section */

/* Begin PBXSourcesBuildPhase section */
		DDFA27EB29FBCA3C001F4844 /* Sources */ = {
			isa = PBXSourcesBuildPhase;
			buildActionMask = 2147483647;
			files = (
				DDFA27F729FBCA3C001F4844 /* ViewController.swift in Sources */,
				DDFA27F329FBCA3C001F4844 /* AppDelegate.swift in Sources */,
				DDFA27F529FBCA3C001F4844 /* SceneDelegate.swift in Sources */,
			);
			runOnlyForDeploymentPostprocessing = 0;
		};
		DDFA280129FBCA3E001F4844 /* Sources */ = {
			isa = PBXSourcesBuildPhase;
			buildActionMask = 2147483647;
			files = (
				DDFA280A29FBCA3E001F4844 /* Practice_1Tests.swift in Sources */,
			);
			runOnlyForDeploymentPostprocessing = 0;
		};
		DDFA280B29FBCA3E001F4844 /* Sources */ = {
			isa = PBXSourcesBuildPhase;
			buildActionMask = 2147483647;
			files = (
				DDFA281429FBCA3E001F4844 /* Practice_1UITests.swift in Sources */,
				DDFA281629FBCA3E001F4844 /* Practice_1UITestsLaunchTests.swift in Sources */,
			);
			runOnlyForDeploymentPostprocessing = 0;
		};
/* End PBXSourcesBuildPhase section */

/* Begin PBXTargetDependency section */
		DDFA280729FBCA3E001F4844 /* PBXTargetDependency */ = {
			isa = PBXTargetDependency;
			target = DDFA27EE29FBCA3C001F4844 /* Practice_1 */;
			targetProxy = DDFA280629FBCA3E001F4844 /* PBXContainerItemProxy */;
		};
		DDFA281129FBCA3E001F4844 /* PBXTargetDependency */ = {
			isa = PBXTargetDependency;
			target = DDFA27EE29FBCA3C001F4844 /* Practice_1 */;
			targetProxy = DDFA281029FBCA3E001F4844 /* PBXContainerItemProxy */;
		};
/* End PBXTargetDependency section */

/* Begin PBXVariantGroup section */
		DDFA27F829FBCA3C001F4844 /* Main.storyboard */ = {
			isa = PBXVariantGroup;
			children = (
				DDFA27F929FBCA3C001F4844 /* Base */,
			);
			name = Main.storyboard;
			sourceTree = "<group>";
		};
		DDFA27FD29FBCA3E001F4844 /* LaunchScreen.storyboard */ = {
			isa = PBXVariantGroup;
			children = (
				DDFA27FE29FBCA3E001F4844 /* Base */,
			);
			name = LaunchScreen.storyboard;
			sourceTree = "<group>";
		};
/* End PBXVariantGroup section */

/* Begin XCBuildConfiguration section */
		DDFA281729FBCA3E001F4844 /* Debug */ = {
			isa = XCBuildConfiguration;
			buildSettings = {
				ALWAYS_SEARCH_USER_PATHS = NO;
				CLANG_ANALYZER_NONNULL = YES;
				CLANG_ANALYZER_NUMBER_OBJECT_CONVERSION = YES_AGGRESSIVE;
				CLANG_CXX_LANGUAGE_STANDARD = "gnu++20";
				CLANG_ENABLE_MODULES = YES;
				CLANG_ENABLE_OBJC_ARC = YES;
				CLANG_ENABLE_OBJC_WEAK = YES;
				CLANG_WARN_BLOCK_CAPTURE_AUTORELEASING = YES;
				CLANG_WARN_BOOL_CONVERSION = YES;
				CLANG_WARN_COMMA = YES;
				CLANG_WARN_CONSTANT_CONVERSION = YES;
				CLANG_WARN_DEPRECATED_OBJC_IMPLEMENTATIONS = YES;
				CLANG_WARN_DIRECT_OBJC_ISA_USAGE = YES_ERROR;
				CLANG_WARN_DOCUMENTATION_COMMENTS = YES;
				CLANG_WARN_EMPTY_BODY = YES;
				CLANG_WARN_ENUM_CONVERSION = YES;
				CLANG_WARN_INFINITE_RECURSION = YES;
				CLANG_WARN_INT_CONVERSION = YES;
				CLANG_WARN_NON_LITERAL_NULL_CONVERSION = YES;
				CLANG_WARN_OBJC_IMPLICIT_RETAIN_SELF = YES;
				CLANG_WARN_OBJC_LITERAL_CONVERSION = YES;
				CLANG_WARN_OBJC_ROOT_CLASS = YES_ERROR;
				CLANG_WARN_QUOTED_INCLUDE_IN_FRAMEWORK_HEADER = YES;
				CLANG_WARN_RANGE_LOOP_ANALYSIS = YES;
				CLANG_WARN_STRICT_PROTOTYPES = YES;
				CLANG_WARN_SUSPICIOUS_MOVE = YES;
				CLANG_WARN_UNGUARDED_AVAILABILITY = YES_AGGRESSIVE;
				CLANG_WARN_UNREACHABLE_CODE = YES;
				CLANG_WARN__DUPLICATE_METHOD_MATCH = YES;
				COPY_PHASE_STRIP = NO;
				DEBUG_INFORMATION_FORMAT = dwarf;
				ENABLE_STRICT_OBJC_MSGSEND = YES;
				ENABLE_TESTABILITY = YES;
				GCC_C_LANGUAGE_STANDARD = gnu11;
				GCC_DYNAMIC_NO_PIC = NO;
				GCC_NO_COMMON_BLOCKS = YES;
				GCC_OPTIMIZATION_LEVEL = 0;
				GCC_PREPROCESSOR_DEFINITIONS = (
					"DEBUG=1",
					"$(inherited)",
				);
				GCC_WARN_64_TO_32_BIT_CONVERSION = YES;
				GCC_WARN_ABOUT_RETURN_TYPE = YES_ERROR;
				GCC_WARN_UNDECLARED_SELECTOR = YES;
				GCC_WARN_UNINITIALIZED_AUTOS = YES_AGGRESSIVE;
				GCC_WARN_UNUSED_FUNCTION = YES;
				GCC_WARN_UNUSED_VARIABLE = YES;
				IPHONEOS_DEPLOYMENT_TARGET = 16.4;
				MTL_ENABLE_DEBUG_INFO = INCLUDE_SOURCE;
				MTL_FAST_MATH = YES;
				ONLY_ACTIVE_ARCH = YES;
				SDKROOT = iphoneos;
				SWIFT_ACTIVE_COMPILATION_CONDITIONS = DEBUG;
				SWIFT_OPTIMIZATION_LEVEL = "-Onone";
			};
			name = Debug;
		};
		DDFA281829FBCA3E001F4844 /* Release */ = {
			isa = XCBuildConfiguration;
			buildSettings = {
				ALWAYS_SEARCH_USER_PATHS = NO;
				CLANG_ANALYZER_NONNULL = YES;
				CLANG_ANALYZER_NUMBER_OBJECT_CONVERSION = YES_AGGRESSIVE;
				CLANG_CXX_LANGUAGE_STANDARD = "gnu++20";
				CLANG_ENABLE_MODULES = YES;
				CLANG_ENABLE_OBJC_ARC = YES;
				CLANG_ENABLE_OBJC_WEAK = YES;
				CLANG_WARN_BLOCK_CAPTURE_AUTORELEASING = YES;
				CLANG_WARN_BOOL_CONVERSION = YES;
				CLANG_WARN_COMMA = YES;
				CLANG_WARN_CONSTANT_CONVERSION = YES;
				CLANG_WARN_DEPRECATED_OBJC_IMPLEMENTATIONS = YES;
				CLANG_WARN_DIRECT_OBJC_ISA_USAGE = YES_ERROR;
				CLANG_WARN_DOCUMENTATION_COMMENTS = YES;
				CLANG_WARN_EMPTY_BODY = YES;
				CLANG_WARN_ENUM_CONVERSION = YES;
				CLANG_WARN_INFINITE_RECURSION = YES;
				CLANG_WARN_INT_CONVERSION = YES;
				CLANG_WARN_NON_LITERAL_NULL_CONVERSION = YES;
				CLANG_WARN_OBJC_IMPLICIT_RETAIN_SELF = YES;
				CLANG_WARN_OBJC_LITERAL_CONVERSION = YES;
				CLANG_WARN_OBJC_ROOT_CLASS = YES_ERROR;
				CLANG_WARN_QUOTED_INCLUDE_IN_FRAMEWORK_HEADER = YES;
				CLANG_WARN_RANGE_LOOP_ANALYSIS = YES;
				CLANG_WARN_STRICT_PROTOTYPES = YES;
				CLANG_WARN_SUSPICIOUS_MOVE = YES;
				CLANG_WARN_UNGUARDED_AVAILABILITY = YES_AGGRESSIVE;
				CLANG_WARN_UNREACHABLE_CODE = YES;
				CLANG_WARN__DUPLICATE_METHOD_MATCH = YES;
				COPY_PHASE_STRIP = NO;
				DEBUG_INFORMATION_FORMAT = "dwarf-with-dsym";
				ENABLE_NS_ASSERTIONS = NO;
				ENABLE_STRICT_OBJC_MSGSEND = YES;
				GCC_C_LANGUAGE_STANDARD = gnu11;
				GCC_NO_COMMON_BLOCKS = YES;
				GCC_WARN_64_TO_32_BIT_CONVERSION = YES;
				GCC_WARN_ABOUT_RETURN_TYPE = YES_ERROR;
				GCC_WARN_UNDECLARED_SELECTOR = YES;
				GCC_WARN_UNINITIALIZED_AUTOS = YES_AGGRESSIVE;
				GCC_WARN_UNUSED_FUNCTION = YES;
				GCC_WARN_UNUSED_VARIABLE = YES;
				IPHONEOS_DEPLOYMENT_TARGET = 16.4;
				MTL_ENABLE_DEBUG_INFO = NO;
				MTL_FAST_MATH = YES;
				SDKROOT = iphoneos;
				SWIFT_COMPILATION_MODE = wholemodule;
				SWIFT_OPTIMIZATION_LEVEL = "-O";
				VALIDATE_PRODUCT = YES;
			};
			name = Release;
		};
		DDFA281A29FBCA3E001F4844 /* Debug */ = {
			isa = XCBuildConfiguration;
			buildSettings = {
				ASSETCATALOG_COMPILER_APPICON_NAME = AppIcon;
				ASSETCATALOG_COMPILER_GLOBAL_ACCENT_COLOR_NAME = AccentColor;
				CODE_SIGN_STYLE = Automatic;
				CURRENT_PROJECT_VERSION = 1;
				DEVELOPMENT_TEAM = 2DF5SKQK2R;
				GENERATE_INFOPLIST_FILE = YES;
				INFOPLIST_FILE = Practice_1/Info.plist;
				INFOPLIST_KEY_UIApplicationSupportsIndirectInputEvents = YES;
				INFOPLIST_KEY_UILaunchStoryboardName = LaunchScreen;
				INFOPLIST_KEY_UIMainStoryboardFile = Main;
				INFOPLIST_KEY_UISupportedInterfaceOrientations_iPad = "UIInterfaceOrientationPortrait UIInterfaceOrientationPortraitUpsideDown UIInterfaceOrientationLandscapeLeft UIInterfaceOrientationLandscapeRight";
				INFOPLIST_KEY_UISupportedInterfaceOrientations_iPhone = "UIInterfaceOrientationPortrait UIInterfaceOrientationLandscapeLeft UIInterfaceOrientationLandscapeRight";
				LD_RUNPATH_SEARCH_PATHS = (
					"$(inherited)",
					"@executable_path/Frameworks",
				);
				MARKETING_VERSION = 1.0;
				PRODUCT_BUNDLE_IDENTIFIER = "test.Practice-1";
				PRODUCT_NAME = "$(TARGET_NAME)";
				SWIFT_EMIT_LOC_STRINGS = YES;
				SWIFT_VERSION = 5.0;
				TARGETED_DEVICE_FAMILY = "1,2";
			};
			name = Debug;
		};
		DDFA281B29FBCA3E001F4844 /* Release */ = {
			isa = XCBuildConfiguration;
			buildSettings = {
				ASSETCATALOG_COMPILER_APPICON_NAME = AppIcon;
				ASSETCATALOG_COMPILER_GLOBAL_ACCENT_COLOR_NAME = AccentColor;
				CODE_SIGN_STYLE = Automatic;
				CURRENT_PROJECT_VERSION = 1;
				DEVELOPMENT_TEAM = 2DF5SKQK2R;
				GENERATE_INFOPLIST_FILE = YES;
				INFOPLIST_FILE = Practice_1/Info.plist;
				INFOPLIST_KEY_UIApplicationSupportsIndirectInputEvents = YES;
				INFOPLIST_KEY_UILaunchStoryboardName = LaunchScreen;
				INFOPLIST_KEY_UIMainStoryboardFile = Main;
				INFOPLIST_KEY_UISupportedInterfaceOrientations_iPad = "UIInterfaceOrientationPortrait UIInterfaceOrientationPortraitUpsideDown UIInterfaceOrientationLandscapeLeft UIInterfaceOrientationLandscapeRight";
				INFOPLIST_KEY_UISupportedInterfaceOrientations_iPhone = "UIInterfaceOrientationPortrait UIInterfaceOrientationLandscapeLeft UIInterfaceOrientationLandscapeRight";
				LD_RUNPATH_SEARCH_PATHS = (
					"$(inherited)",
					"@executable_path/Frameworks",
				);
				MARKETING_VERSION = 1.0;
				PRODUCT_BUNDLE_IDENTIFIER = "test.Practice-1";
				PRODUCT_NAME = "$(TARGET_NAME)";
				SWIFT_EMIT_LOC_STRINGS = YES;
				SWIFT_VERSION = 5.0;
				TARGETED_DEVICE_FAMILY = "1,2";
			};
			name = Release;
		};
		DDFA281D29FBCA3E001F4844 /* Debug */ = {
			isa = XCBuildConfiguration;
			buildSettings = {
				ALWAYS_EMBED_SWIFT_STANDARD_LIBRARIES = YES;
				BUNDLE_LOADER = "$(TEST_HOST)";
				CODE_SIGN_STYLE = Automatic;
				CURRENT_PROJECT_VERSION = 1;
				DEVELOPMENT_TEAM = 2DF5SKQK2R;
				GENERATE_INFOPLIST_FILE = YES;
				IPHONEOS_DEPLOYMENT_TARGET = 16.4;
				MARKETING_VERSION = 1.0;
				PRODUCT_BUNDLE_IDENTIFIER = "test.Practice-1Tests";
				PRODUCT_NAME = "$(TARGET_NAME)";
				SWIFT_EMIT_LOC_STRINGS = NO;
				SWIFT_VERSION = 5.0;
				TARGETED_DEVICE_FAMILY = "1,2";
				TEST_HOST = "$(BUILT_PRODUCTS_DIR)/Practice_1.app/$(BUNDLE_EXECUTABLE_FOLDER_PATH)/Practice_1";
			};
			name = Debug;
		};
		DDFA281E29FBCA3E001F4844 /* Release */ = {
			isa = XCBuildConfiguration;
			buildSettings = {
				ALWAYS_EMBED_SWIFT_STANDARD_LIBRARIES = YES;
				BUNDLE_LOADER = "$(TEST_HOST)";
				CODE_SIGN_STYLE = Automatic;
				CURRENT_PROJECT_VERSION = 1;
				DEVELOPMENT_TEAM = 2DF5SKQK2R;
				GENERATE_INFOPLIST_FILE = YES;
				IPHONEOS_DEPLOYMENT_TARGET = 16.4;
				MARKETING_VERSION = 1.0;
				PRODUCT_BUNDLE_IDENTIFIER = "test.Practice-1Tests";
				PRODUCT_NAME = "$(TARGET_NAME)";
				SWIFT_EMIT_LOC_STRINGS = NO;
				SWIFT_VERSION = 5.0;
				TARGETED_DEVICE_FAMILY = "1,2";
				TEST_HOST = "$(BUILT_PRODUCTS_DIR)/Practice_1.app/$(BUNDLE_EXECUTABLE_FOLDER_PATH)/Practice_1";
			};
			name = Release;
		};
		DDFA282029FBCA3E001F4844 /* Debug */ = {
			isa = XCBuildConfiguration;
			buildSettings = {
				ALWAYS_EMBED_SWIFT_STANDARD_LIBRARIES = YES;
				CODE_SIGN_STYLE = Automatic;
				CURRENT_PROJECT_VERSION = 1;
				DEVELOPMENT_TEAM = 2DF5SKQK2R;
				GENERATE_INFOPLIST_FILE = YES;
				MARKETING_VERSION = 1.0;
				PRODUCT_BUNDLE_IDENTIFIER = "test.Practice-1UITests";
				PRODUCT_NAME = "$(TARGET_NAME)";
				SWIFT_EMIT_LOC_STRINGS = NO;
				SWIFT_VERSION = 5.0;
				TARGETED_DEVICE_FAMILY = "1,2";
				TEST_TARGET_NAME = Practice_1;
			};
			name = Debug;
		};
		DDFA282129FBCA3E001F4844 /* Release */ = {
			isa = XCBuildConfiguration;
			buildSettings = {
				ALWAYS_EMBED_SWIFT_STANDARD_LIBRARIES = YES;
				CODE_SIGN_STYLE = Automatic;
				CURRENT_PROJECT_VERSION = 1;
				DEVELOPMENT_TEAM = 2DF5SKQK2R;
				GENERATE_INFOPLIST_FILE = YES;
				MARKETING_VERSION = 1.0;
				PRODUCT_BUNDLE_IDENTIFIER = "test.Practice-1UITests";
				PRODUCT_NAME = "$(TARGET_NAME)";
				SWIFT_EMIT_LOC_STRINGS = NO;
				SWIFT_VERSION = 5.0;
				TARGETED_DEVICE_FAMILY = "1,2";
				TEST_TARGET_NAME = Practice_1;
			};
			name = Release;
		};
/* End XCBuildConfiguration section */

/* Begin XCConfigurationList section */
		DDFA27EA29FBCA3C001F4844 /* Build configuration list for PBXProject "Practice_1" */ = {
			isa = XCConfigurationList;
			buildConfigurations = (
				DDFA281729FBCA3E001F4844 /* Debug */,
				DDFA281829FBCA3E001F4844 /* Release */,
			);
			defaultConfigurationIsVisible = 0;
			defaultConfigurationName = Release;
		};
		DDFA281929FBCA3E001F4844 /* Build configuration list for PBXNativeTarget "Practice_1" */ = {
			isa = XCConfigurationList;
			buildConfigurations = (
				DDFA281A29FBCA3E001F4844 /* Debug */,
				DDFA281B29FBCA3E001F4844 /* Release */,
			);
			defaultConfigurationIsVisible = 0;
			defaultConfigurationName = Release;
		};
		DDFA281C29FBCA3E001F4844 /* Build configuration list for PBXNativeTarget "Practice_1Tests" */ = {
			isa = XCConfigurationList;
			buildConfigurations = (
				DDFA281D29FBCA3E001F4844 /* Debug */,
				DDFA281E29FBCA3E001F4844 /* Release */,
			);
			defaultConfigurationIsVisible = 0;
			defaultConfigurationName = Release;
		};
		DDFA281F29FBCA3E001F4844 /* Build configuration list for PBXNativeTarget "Practice_1UITests" */ = {
			isa = XCConfigurationList;
			buildConfigurations = (
				DDFA282029FBCA3E001F4844 /* Debug */,
				DDFA282129FBCA3E001F4844 /* Release */,
			);
			defaultConfigurationIsVisible = 0;
			defaultConfigurationName = Release;
		};
/* End XCConfigurationList section */
	};
	rootObject = DDFA27E729FBCA3C001F4844 /* Project object */;
}
