// !$*UTF8*$!
{
	archiveVersion = 1;
	classes = {
	};
	objectVersion = 56;
	objects = {

/* Begin PBXBuildFile section */
		DD1ACAA629E1D9970002F7BE /* AppDelegate.swift in Sources */ = {isa = PBXBuildFile; fileRef = DD1ACAA529E1D9970002F7BE /* AppDelegate.swift */; };
		DD1ACAA829E1D9970002F7BE /* SceneDelegate.swift in Sources */ = {isa = PBXBuildFile; fileRef = DD1ACAA729E1D9970002F7BE /* SceneDelegate.swift */; };
		DD1ACAAA29E1D9970002F7BE /* ViewController.swift in Sources */ = {isa = PBXBuildFile; fileRef = DD1ACAA929E1D9970002F7BE /* ViewController.swift */; };
		DD1ACAAD29E1D9970002F7BE /* Main.storyboard in Resources */ = {isa = PBXBuildFile; fileRef = DD1ACAAB29E1D9970002F7BE /* Main.storyboard */; };
		DD1ACAAF29E1D9970002F7BE /* Assets.xcassets in Resources */ = {isa = PBXBuildFile; fileRef = DD1ACAAE29E1D9970002F7BE /* Assets.xcassets */; };
		DD1ACAB229E1D9970002F7BE /* LaunchScreen.storyboard in Resources */ = {isa = PBXBuildFile; fileRef = DD1ACAB029E1D9970002F7BE /* LaunchScreen.storyboard */; };
		DD1ACABD29E1D9970002F7BE /* tempTests.swift in Sources */ = {isa = PBXBuildFile; fileRef = DD1ACABC29E1D9970002F7BE /* tempTests.swift */; };
		DD1ACAC729E1D9970002F7BE /* tempUITests.swift in Sources */ = {isa = PBXBuildFile; fileRef = DD1ACAC629E1D9970002F7BE /* tempUITests.swift */; };
		DD1ACAC929E1D9970002F7BE /* tempUITestsLaunchTests.swift in Sources */ = {isa = PBXBuildFile; fileRef = DD1ACAC829E1D9970002F7BE /* tempUITestsLaunchTests.swift */; };
/* End PBXBuildFile section */

/* Begin PBXContainerItemProxy section */
		DD1ACAB929E1D9970002F7BE /* PBXContainerItemProxy */ = {
			isa = PBXContainerItemProxy;
			containerPortal = DD1ACA9A29E1D9960002F7BE /* Project object */;
			proxyType = 1;
			remoteGlobalIDString = DD1ACAA129E1D9970002F7BE;
			remoteInfo = temp;
		};
		DD1ACAC329E1D9970002F7BE /* PBXContainerItemProxy */ = {
			isa = PBXContainerItemProxy;
			containerPortal = DD1ACA9A29E1D9960002F7BE /* Project object */;
			proxyType = 1;
			remoteGlobalIDString = DD1ACAA129E1D9970002F7BE;
			remoteInfo = temp;
		};
/* End PBXContainerItemProxy section */

/* Begin PBXFileReference section */
		DD1ACAA229E1D9970002F7BE /* temp.app */ = {isa = PBXFileReference; explicitFileType = wrapper.application; includeInIndex = 0; path = temp.app; sourceTree = BUILT_PRODUCTS_DIR; };
		DD1ACAA529E1D9970002F7BE /* AppDelegate.swift */ = {isa = PBXFileReference; lastKnownFileType = sourcecode.swift; path = AppDelegate.swift; sourceTree = "<group>"; };
		DD1ACAA729E1D9970002F7BE /* SceneDelegate.swift */ = {isa = PBXFileReference; lastKnownFileType = sourcecode.swift; path = SceneDelegate.swift; sourceTree = "<group>"; };
		DD1ACAA929E1D9970002F7BE /* ViewController.swift */ = {isa = PBXFileReference; lastKnownFileType = sourcecode.swift; path = ViewController.swift; sourceTree = "<group>"; };
		DD1ACAAC29E1D9970002F7BE /* Base */ = {isa = PBXFileReference; lastKnownFileType = file.storyboard; name = Base; path = Base.lproj/Main.storyboard; sourceTree = "<group>"; };
		DD1ACAAE29E1D9970002F7BE /* Assets.xcassets */ = {isa = PBXFileReference; lastKnownFileType = folder.assetcatalog; path = Assets.xcassets; sourceTree = "<group>"; };
		DD1ACAB129E1D9970002F7BE /* Base */ = {isa = PBXFileReference; lastKnownFileType = file.storyboard; name = Base; path = Base.lproj/LaunchScreen.storyboard; sourceTree = "<group>"; };
		DD1ACAB329E1D9970002F7BE /* Info.plist */ = {isa = PBXFileReference; lastKnownFileType = text.plist.xml; path = Info.plist; sourceTree = "<group>"; };
		DD1ACAB829E1D9970002F7BE /* tempTests.xctest */ = {isa = PBXFileReference; explicitFileType = wrapper.cfbundle; includeInIndex = 0; path = tempTests.xctest; sourceTree = BUILT_PRODUCTS_DIR; };
		DD1ACABC29E1D9970002F7BE /* tempTests.swift */ = {isa = PBXFileReference; lastKnownFileType = sourcecode.swift; path = tempTests.swift; sourceTree = "<group>"; };
		DD1ACAC229E1D9970002F7BE /* tempUITests.xctest */ = {isa = PBXFileReference; explicitFileType = wrapper.cfbundle; includeInIndex = 0; path = tempUITests.xctest; sourceTree = BUILT_PRODUCTS_DIR; };
		DD1ACAC629E1D9970002F7BE /* tempUITests.swift */ = {isa = PBXFileReference; lastKnownFileType = sourcecode.swift; path = tempUITests.swift; sourceTree = "<group>"; };
		DD1ACAC829E1D9970002F7BE /* tempUITestsLaunchTests.swift */ = {isa = PBXFileReference; lastKnownFileType = sourcecode.swift; path = tempUITestsLaunchTests.swift; sourceTree = "<group>"; };
/* End PBXFileReference section */

/* Begin PBXFrameworksBuildPhase section */
		DD1ACA9F29E1D9970002F7BE /* Frameworks */ = {
			isa = PBXFrameworksBuildPhase;
			buildActionMask = 2147483647;
			files = (
			);
			runOnlyForDeploymentPostprocessing = 0;
		};
		DD1ACAB529E1D9970002F7BE /* Frameworks */ = {
			isa = PBXFrameworksBuildPhase;
			buildActionMask = 2147483647;
			files = (
			);
			runOnlyForDeploymentPostprocessing = 0;
		};
		DD1ACABF29E1D9970002F7BE /* Frameworks */ = {
			isa = PBXFrameworksBuildPhase;
			buildActionMask = 2147483647;
			files = (
			);
			runOnlyForDeploymentPostprocessing = 0;
		};
/* End PBXFrameworksBuildPhase section */

/* Begin PBXGroup section */
		DD1ACA9929E1D9960002F7BE = {
			isa = PBXGroup;
			children = (
				DD1ACAA429E1D9970002F7BE /* temp */,
				DD1ACABB29E1D9970002F7BE /* tempTests */,
				DD1ACAC529E1D9970002F7BE /* tempUITests */,
				DD1ACAA329E1D9970002F7BE /* Products */,
			);
			sourceTree = "<group>";
		};
		DD1ACAA329E1D9970002F7BE /* Products */ = {
			isa = PBXGroup;
			children = (
				DD1ACAA229E1D9970002F7BE /* temp.app */,
				DD1ACAB829E1D9970002F7BE /* tempTests.xctest */,
				DD1ACAC229E1D9970002F7BE /* tempUITests.xctest */,
			);
			name = Products;
			sourceTree = "<group>";
		};
		DD1ACAA429E1D9970002F7BE /* temp */ = {
			isa = PBXGroup;
			children = (
				DD1ACAA529E1D9970002F7BE /* AppDelegate.swift */,
				DD1ACAA729E1D9970002F7BE /* SceneDelegate.swift */,
				DD1ACAA929E1D9970002F7BE /* ViewController.swift */,
				DD1ACAAB29E1D9970002F7BE /* Main.storyboard */,
				DD1ACAAE29E1D9970002F7BE /* Assets.xcassets */,
				DD1ACAB029E1D9970002F7BE /* LaunchScreen.storyboard */,
				DD1ACAB329E1D9970002F7BE /* Info.plist */,
			);
			path = temp;
			sourceTree = "<group>";
		};
		DD1ACABB29E1D9970002F7BE /* tempTests */ = {
			isa = PBXGroup;
			children = (
				DD1ACABC29E1D9970002F7BE /* tempTests.swift */,
			);
			path = tempTests;
			sourceTree = "<group>";
		};
		DD1ACAC529E1D9970002F7BE /* tempUITests */ = {
			isa = PBXGroup;
			children = (
				DD1ACAC629E1D9970002F7BE /* tempUITests.swift */,
				DD1ACAC829E1D9970002F7BE /* tempUITestsLaunchTests.swift */,
			);
			path = tempUITests;
			sourceTree = "<group>";
		};
/* End PBXGroup section */

/* Begin PBXNativeTarget section */
		DD1ACAA129E1D9970002F7BE /* temp */ = {
			isa = PBXNativeTarget;
			buildConfigurationList = DD1ACACC29E1D9970002F7BE /* Build configuration list for PBXNativeTarget "temp" */;
			buildPhases = (
				DD1ACA9E29E1D9970002F7BE /* Sources */,
				DD1ACA9F29E1D9970002F7BE /* Frameworks */,
				DD1ACAA029E1D9970002F7BE /* Resources */,
			);
			buildRules = (
			);
			dependencies = (
			);
			name = temp;
			productName = temp;
			productReference = DD1ACAA229E1D9970002F7BE /* temp.app */;
			productType = "com.apple.product-type.application";
		};
		DD1ACAB729E1D9970002F7BE /* tempTests */ = {
			isa = PBXNativeTarget;
			buildConfigurationList = DD1ACACF29E1D9970002F7BE /* Build configuration list for PBXNativeTarget "tempTests" */;
			buildPhases = (
				DD1ACAB429E1D9970002F7BE /* Sources */,
				DD1ACAB529E1D9970002F7BE /* Frameworks */,
				DD1ACAB629E1D9970002F7BE /* Resources */,
			);
			buildRules = (
			);
			dependencies = (
				DD1ACABA29E1D9970002F7BE /* PBXTargetDependency */,
			);
			name = tempTests;
			productName = tempTests;
			productReference = DD1ACAB829E1D9970002F7BE /* tempTests.xctest */;
			productType = "com.apple.product-type.bundle.unit-test";
		};
		DD1ACAC129E1D9970002F7BE /* tempUITests */ = {
			isa = PBXNativeTarget;
			buildConfigurationList = DD1ACAD229E1D9970002F7BE /* Build configuration list for PBXNativeTarget "tempUITests" */;
			buildPhases = (
				DD1ACABE29E1D9970002F7BE /* Sources */,
				DD1ACABF29E1D9970002F7BE /* Frameworks */,
				DD1ACAC029E1D9970002F7BE /* Resources */,
			);
			buildRules = (
			);
			dependencies = (
				DD1ACAC429E1D9970002F7BE /* PBXTargetDependency */,
			);
			name = tempUITests;
			productName = tempUITests;
			productReference = DD1ACAC229E1D9970002F7BE /* tempUITests.xctest */;
			productType = "com.apple.product-type.bundle.ui-testing";
		};
/* End PBXNativeTarget section */

/* Begin PBXProject section */
		DD1ACA9A29E1D9960002F7BE /* Project object */ = {
			isa = PBXProject;
			attributes = {
				BuildIndependentTargetsInParallel = 1;
				LastSwiftUpdateCheck = 1420;
				LastUpgradeCheck = 1420;
				TargetAttributes = {
					DD1ACAA129E1D9970002F7BE = {
						CreatedOnToolsVersion = 14.2;
					};
					DD1ACAB729E1D9970002F7BE = {
						CreatedOnToolsVersion = 14.2;
						TestTargetID = DD1ACAA129E1D9970002F7BE;
					};
					DD1ACAC129E1D9970002F7BE = {
						CreatedOnToolsVersion = 14.2;
						TestTargetID = DD1ACAA129E1D9970002F7BE;
					};
				};
			};
			buildConfigurationList = DD1ACA9D29E1D9960002F7BE /* Build configuration list for PBXProject "temp" */;
			compatibilityVersion = "Xcode 14.0";
			developmentRegion = en;
			hasScannedForEncodings = 0;
			knownRegions = (
				en,
				Base,
			);
			mainGroup = DD1ACA9929E1D9960002F7BE;
			productRefGroup = DD1ACAA329E1D9970002F7BE /* Products */;
			projectDirPath = "";
			projectRoot = "";
			targets = (
				DD1ACAA129E1D9970002F7BE /* temp */,
				DD1ACAB729E1D9970002F7BE /* tempTests */,
				DD1ACAC129E1D9970002F7BE /* tempUITests */,
			);
		};
/* End PBXProject section */

/* Begin PBXResourcesBuildPhase section */
		DD1ACAA029E1D9970002F7BE /* Resources */ = {
			isa = PBXResourcesBuildPhase;
			buildActionMask = 2147483647;
			files = (
				DD1ACAB229E1D9970002F7BE /* LaunchScreen.storyboard in Resources */,
				DD1ACAAF29E1D9970002F7BE /* Assets.xcassets in Resources */,
				DD1ACAAD29E1D9970002F7BE /* Main.storyboard in Resources */,
			);
			runOnlyForDeploymentPostprocessing = 0;
		};
		DD1ACAB629E1D9970002F7BE /* Resources */ = {
			isa = PBXResourcesBuildPhase;
			buildActionMask = 2147483647;
			files = (
			);
			runOnlyForDeploymentPostprocessing = 0;
		};
		DD1ACAC029E1D9970002F7BE /* Resources */ = {
			isa = PBXResourcesBuildPhase;
			buildActionMask = 2147483647;
			files = (
			);
			runOnlyForDeploymentPostprocessing = 0;
		};
/* End PBXResourcesBuildPhase section */

/* Begin PBXSourcesBuildPhase section */
		DD1ACA9E29E1D9970002F7BE /* Sources */ = {
			isa = PBXSourcesBuildPhase;
			buildActionMask = 2147483647;
			files = (
				DD1ACAAA29E1D9970002F7BE /* ViewController.swift in Sources */,
				DD1ACAA629E1D9970002F7BE /* AppDelegate.swift in Sources */,
				DD1ACAA829E1D9970002F7BE /* SceneDelegate.swift in Sources */,
			);
			runOnlyForDeploymentPostprocessing = 0;
		};
		DD1ACAB429E1D9970002F7BE /* Sources */ = {
			isa = PBXSourcesBuildPhase;
			buildActionMask = 2147483647;
			files = (
				DD1ACABD29E1D9970002F7BE /* tempTests.swift in Sources */,
			);
			runOnlyForDeploymentPostprocessing = 0;
		};
		DD1ACABE29E1D9970002F7BE /* Sources */ = {
			isa = PBXSourcesBuildPhase;
			buildActionMask = 2147483647;
			files = (
				DD1ACAC929E1D9970002F7BE /* tempUITestsLaunchTests.swift in Sources */,
				DD1ACAC729E1D9970002F7BE /* tempUITests.swift in Sources */,
			);
			runOnlyForDeploymentPostprocessing = 0;
		};
/* End PBXSourcesBuildPhase section */

/* Begin PBXTargetDependency section */
		DD1ACABA29E1D9970002F7BE /* PBXTargetDependency */ = {
			isa = PBXTargetDependency;
			target = DD1ACAA129E1D9970002F7BE /* temp */;
			targetProxy = DD1ACAB929E1D9970002F7BE /* PBXContainerItemProxy */;
		};
		DD1ACAC429E1D9970002F7BE /* PBXTargetDependency */ = {
			isa = PBXTargetDependency;
			target = DD1ACAA129E1D9970002F7BE /* temp */;
			targetProxy = DD1ACAC329E1D9970002F7BE /* PBXContainerItemProxy */;
		};
/* End PBXTargetDependency section */

/* Begin PBXVariantGroup section */
		DD1ACAAB29E1D9970002F7BE /* Main.storyboard */ = {
			isa = PBXVariantGroup;
			children = (
				DD1ACAAC29E1D9970002F7BE /* Base */,
			);
			name = Main.storyboard;
			sourceTree = "<group>";
		};
		DD1ACAB029E1D9970002F7BE /* LaunchScreen.storyboard */ = {
			isa = PBXVariantGroup;
			children = (
				DD1ACAB129E1D9970002F7BE /* Base */,
			);
			name = LaunchScreen.storyboard;
			sourceTree = "<group>";
		};
/* End PBXVariantGroup section */

/* Begin XCBuildConfiguration section */
		DD1ACACA29E1D9970002F7BE /* Debug */ = {
			isa = XCBuildConfiguration;
			buildSettings = {
				ALWAYS_SEARCH_USER_PATHS = NO;
				CLANG_ANALYZER_NONNULL = YES;
				CLANG_ANALYZER_NUMBER_OBJECT_CONVERSION = YES_AGGRESSIVE;
				CLANG_CXX_LANGUAGE_STANDARD = "gnu++20";
				CLANG_ENABLE_MODULES = YES;
				CLANG_ENABLE_OBJC_ARC = YES;
				CLANG_ENABLE_OBJC_WEAK = YES;
				CLANG_WARN_BLOCK_CAPTURE_AUTORELEASING = YES;
				CLANG_WARN_BOOL_CONVERSION = YES;
				CLANG_WARN_COMMA = YES;
				CLANG_WARN_CONSTANT_CONVERSION = YES;
				CLANG_WARN_DEPRECATED_OBJC_IMPLEMENTATIONS = YES;
				CLANG_WARN_DIRECT_OBJC_ISA_USAGE = YES_ERROR;
				CLANG_WARN_DOCUMENTATION_COMMENTS = YES;
				CLANG_WARN_EMPTY_BODY = YES;
				CLANG_WARN_ENUM_CONVERSION = YES;
				CLANG_WARN_INFINITE_RECURSION = YES;
				CLANG_WARN_INT_CONVERSION = YES;
				CLANG_WARN_NON_LITERAL_NULL_CONVERSION = YES;
				CLANG_WARN_OBJC_IMPLICIT_RETAIN_SELF = YES;
				CLANG_WARN_OBJC_LITERAL_CONVERSION = YES;
				CLANG_WARN_OBJC_ROOT_CLASS = YES_ERROR;
				CLANG_WARN_QUOTED_INCLUDE_IN_FRAMEWORK_HEADER = YES;
				CLANG_WARN_RANGE_LOOP_ANALYSIS = YES;
				CLANG_WARN_STRICT_PROTOTYPES = YES;
				CLANG_WARN_SUSPICIOUS_MOVE = YES;
				CLANG_WARN_UNGUARDED_AVAILABILITY = YES_AGGRESSIVE;
				CLANG_WARN_UNREACHABLE_CODE = YES;
				CLANG_WARN__DUPLICATE_METHOD_MATCH = YES;
				COPY_PHASE_STRIP = NO;
				DEBUG_INFORMATION_FORMAT = dwarf;
				ENABLE_STRICT_OBJC_MSGSEND = YES;
				ENABLE_TESTABILITY = YES;
				GCC_C_LANGUAGE_STANDARD = gnu11;
				GCC_DYNAMIC_NO_PIC = NO;
				GCC_NO_COMMON_BLOCKS = YES;
				GCC_OPTIMIZATION_LEVEL = 0;
				GCC_PREPROCESSOR_DEFINITIONS = (
					"DEBUG=1",
					"$(inherited)",
				);
				GCC_WARN_64_TO_32_BIT_CONVERSION = YES;
				GCC_WARN_ABOUT_RETURN_TYPE = YES_ERROR;
				GCC_WARN_UNDECLARED_SELECTOR = YES;
				GCC_WARN_UNINITIALIZED_AUTOS = YES_AGGRESSIVE;
				GCC_WARN_UNUSED_FUNCTION = YES;
				GCC_WARN_UNUSED_VARIABLE = YES;
				IPHONEOS_DEPLOYMENT_TARGET = 16.2;
				MTL_ENABLE_DEBUG_INFO = INCLUDE_SOURCE;
				MTL_FAST_MATH = YES;
				ONLY_ACTIVE_ARCH = YES;
				SDKROOT = iphoneos;
				SWIFT_ACTIVE_COMPILATION_CONDITIONS = DEBUG;
				SWIFT_OPTIMIZATION_LEVEL = "-Onone";
			};
			name = Debug;
		};
		DD1ACACB29E1D9970002F7BE /* Release */ = {
			isa = XCBuildConfiguration;
			buildSettings = {
				ALWAYS_SEARCH_USER_PATHS = NO;
				CLANG_ANALYZER_NONNULL = YES;
				CLANG_ANALYZER_NUMBER_OBJECT_CONVERSION = YES_AGGRESSIVE;
				CLANG_CXX_LANGUAGE_STANDARD = "gnu++20";
				CLANG_ENABLE_MODULES = YES;
				CLANG_ENABLE_OBJC_ARC = YES;
				CLANG_ENABLE_OBJC_WEAK = YES;
				CLANG_WARN_BLOCK_CAPTURE_AUTORELEASING = YES;
				CLANG_WARN_BOOL_CONVERSION = YES;
				CLANG_WARN_COMMA = YES;
				CLANG_WARN_CONSTANT_CONVERSION = YES;
				CLANG_WARN_DEPRECATED_OBJC_IMPLEMENTATIONS = YES;
				CLANG_WARN_DIRECT_OBJC_ISA_USAGE = YES_ERROR;
				CLANG_WARN_DOCUMENTATION_COMMENTS = YES;
				CLANG_WARN_EMPTY_BODY = YES;
				CLANG_WARN_ENUM_CONVERSION = YES;
				CLANG_WARN_INFINITE_RECURSION = YES;
				CLANG_WARN_INT_CONVERSION = YES;
				CLANG_WARN_NON_LITERAL_NULL_CONVERSION = YES;
				CLANG_WARN_OBJC_IMPLICIT_RETAIN_SELF = YES;
				CLANG_WARN_OBJC_LITERAL_CONVERSION = YES;
				CLANG_WARN_OBJC_ROOT_CLASS = YES_ERROR;
				CLANG_WARN_QUOTED_INCLUDE_IN_FRAMEWORK_HEADER = YES;
				CLANG_WARN_RANGE_LOOP_ANALYSIS = YES;
				CLANG_WARN_STRICT_PROTOTYPES = YES;
				CLANG_WARN_SUSPICIOUS_MOVE = YES;
				CLANG_WARN_UNGUARDED_AVAILABILITY = YES_AGGRESSIVE;
				CLANG_WARN_UNREACHABLE_CODE = YES;
				CLANG_WARN__DUPLICATE_METHOD_MATCH = YES;
				COPY_PHASE_STRIP = NO;
				DEBUG_INFORMATION_FORMAT = "dwarf-with-dsym";
				ENABLE_NS_ASSERTIONS = NO;
				ENABLE_STRICT_OBJC_MSGSEND = YES;
				GCC_C_LANGUAGE_STANDARD = gnu11;
				GCC_NO_COMMON_BLOCKS = YES;
				GCC_WARN_64_TO_32_BIT_CONVERSION = YES;
				GCC_WARN_ABOUT_RETURN_TYPE = YES_ERROR;
				GCC_WARN_UNDECLARED_SELECTOR = YES;
				GCC_WARN_UNINITIALIZED_AUTOS = YES_AGGRESSIVE;
				GCC_WARN_UNUSED_FUNCTION = YES;
				GCC_WARN_UNUSED_VARIABLE = YES;
				IPHONEOS_DEPLOYMENT_TARGET = 16.2;
				MTL_ENABLE_DEBUG_INFO = NO;
				MTL_FAST_MATH = YES;
				SDKROOT = iphoneos;
				SWIFT_COMPILATION_MODE = wholemodule;
				SWIFT_OPTIMIZATION_LEVEL = "-O";
				VALIDATE_PRODUCT = YES;
			};
			name = Release;
		};
		DD1ACACD29E1D9970002F7BE /* Debug */ = {
			isa = XCBuildConfiguration;
			buildSettings = {
				ASSETCATALOG_COMPILER_APPICON_NAME = AppIcon;
				ASSETCATALOG_COMPILER_GLOBAL_ACCENT_COLOR_NAME = AccentColor;
				CODE_SIGN_STYLE = Automatic;
				CURRENT_PROJECT_VERSION = 1;
				DEVELOPMENT_TEAM = 2DF5SKQK2R;
				GENERATE_INFOPLIST_FILE = YES;
				INFOPLIST_FILE = temp/Info.plist;
				INFOPLIST_KEY_UIApplicationSupportsIndirectInputEvents = YES;
				INFOPLIST_KEY_UILaunchStoryboardName = LaunchScreen;
				INFOPLIST_KEY_UIMainStoryboardFile = Main;
				INFOPLIST_KEY_UISupportedInterfaceOrientations_iPad = "UIInterfaceOrientationPortrait UIInterfaceOrientationPortraitUpsideDown UIInterfaceOrientationLandscapeLeft UIInterfaceOrientationLandscapeRight";
				INFOPLIST_KEY_UISupportedInterfaceOrientations_iPhone = "UIInterfaceOrientationPortrait UIInterfaceOrientationLandscapeLeft UIInterfaceOrientationLandscapeRight";
				LD_RUNPATH_SEARCH_PATHS = (
					"$(inherited)",
					"@executable_path/Frameworks",
				);
				MARKETING_VERSION = 1.0;
				PRODUCT_BUNDLE_IDENTIFIER = test.temp;
				PRODUCT_NAME = "$(TARGET_NAME)";
				SWIFT_EMIT_LOC_STRINGS = YES;
				SWIFT_VERSION = 5.0;
				TARGETED_DEVICE_FAMILY = "1,2";
			};
			name = Debug;
		};
		DD1ACACE29E1D9970002F7BE /* Release */ = {
			isa = XCBuildConfiguration;
			buildSettings = {
				ASSETCATALOG_COMPILER_APPICON_NAME = AppIcon;
				ASSETCATALOG_COMPILER_GLOBAL_ACCENT_COLOR_NAME = AccentColor;
				CODE_SIGN_STYLE = Automatic;
				CURRENT_PROJECT_VERSION = 1;
				DEVELOPMENT_TEAM = 2DF5SKQK2R;
				GENERATE_INFOPLIST_FILE = YES;
				INFOPLIST_FILE = temp/Info.plist;
				INFOPLIST_KEY_UIApplicationSupportsIndirectInputEvents = YES;
				INFOPLIST_KEY_UILaunchStoryboardName = LaunchScreen;
				INFOPLIST_KEY_UIMainStoryboardFile = Main;
				INFOPLIST_KEY_UISupportedInterfaceOrientations_iPad = "UIInterfaceOrientationPortrait UIInterfaceOrientationPortraitUpsideDown UIInterfaceOrientationLandscapeLeft UIInterfaceOrientationLandscapeRight";
				INFOPLIST_KEY_UISupportedInterfaceOrientations_iPhone = "UIInterfaceOrientationPortrait UIInterfaceOrientationLandscapeLeft UIInterfaceOrientationLandscapeRight";
				LD_RUNPATH_SEARCH_PATHS = (
					"$(inherited)",
					"@executable_path/Frameworks",
				);
				MARKETING_VERSION = 1.0;
				PRODUCT_BUNDLE_IDENTIFIER = test.temp;
				PRODUCT_NAME = "$(TARGET_NAME)";
				SWIFT_EMIT_LOC_STRINGS = YES;
				SWIFT_VERSION = 5.0;
				TARGETED_DEVICE_FAMILY = "1,2";
			};
			name = Release;
		};
		DD1ACAD029E1D9970002F7BE /* Debug */ = {
			isa = XCBuildConfiguration;
			buildSettings = {
				ALWAYS_EMBED_SWIFT_STANDARD_LIBRARIES = YES;
				BUNDLE_LOADER = "$(TEST_HOST)";
				CODE_SIGN_STYLE = Automatic;
				CURRENT_PROJECT_VERSION = 1;
				DEVELOPMENT_TEAM = 2DF5SKQK2R;
				GENERATE_INFOPLIST_FILE = YES;
				IPHONEOS_DEPLOYMENT_TARGET = 16.2;
				MARKETING_VERSION = 1.0;
				PRODUCT_BUNDLE_IDENTIFIER = test.tempTests;
				PRODUCT_NAME = "$(TARGET_NAME)";
				SWIFT_EMIT_LOC_STRINGS = NO;
				SWIFT_VERSION = 5.0;
				TARGETED_DEVICE_FAMILY = "1,2";
				TEST_HOST = "$(BUILT_PRODUCTS_DIR)/temp.app/$(BUNDLE_EXECUTABLE_FOLDER_PATH)/temp";
			};
			name = Debug;
		};
		DD1ACAD129E1D9970002F7BE /* Release */ = {
			isa = XCBuildConfiguration;
			buildSettings = {
				ALWAYS_EMBED_SWIFT_STANDARD_LIBRARIES = YES;
				BUNDLE_LOADER = "$(TEST_HOST)";
				CODE_SIGN_STYLE = Automatic;
				CURRENT_PROJECT_VERSION = 1;
				DEVELOPMENT_TEAM = 2DF5SKQK2R;
				GENERATE_INFOPLIST_FILE = YES;
				IPHONEOS_DEPLOYMENT_TARGET = 16.2;
				MARKETING_VERSION = 1.0;
				PRODUCT_BUNDLE_IDENTIFIER = test.tempTests;
				PRODUCT_NAME = "$(TARGET_NAME)";
				SWIFT_EMIT_LOC_STRINGS = NO;
				SWIFT_VERSION = 5.0;
				TARGETED_DEVICE_FAMILY = "1,2";
				TEST_HOST = "$(BUILT_PRODUCTS_DIR)/temp.app/$(BUNDLE_EXECUTABLE_FOLDER_PATH)/temp";
			};
			name = Release;
		};
		DD1ACAD329E1D9970002F7BE /* Debug */ = {
			isa = XCBuildConfiguration;
			buildSettings = {
				ALWAYS_EMBED_SWIFT_STANDARD_LIBRARIES = YES;
				CODE_SIGN_STYLE = Automatic;
				CURRENT_PROJECT_VERSION = 1;
				DEVELOPMENT_TEAM = 2DF5SKQK2R;
				GENERATE_INFOPLIST_FILE = YES;
				MARKETING_VERSION = 1.0;
				PRODUCT_BUNDLE_IDENTIFIER = test.tempUITests;
				PRODUCT_NAME = "$(TARGET_NAME)";
				SWIFT_EMIT_LOC_STRINGS = NO;
				SWIFT_VERSION = 5.0;
				TARGETED_DEVICE_FAMILY = "1,2";
				TEST_TARGET_NAME = temp;
			};
			name = Debug;
		};
		DD1ACAD429E1D9970002F7BE /* Release */ = {
			isa = XCBuildConfiguration;
			buildSettings = {
				ALWAYS_EMBED_SWIFT_STANDARD_LIBRARIES = YES;
				CODE_SIGN_STYLE = Automatic;
				CURRENT_PROJECT_VERSION = 1;
				DEVELOPMENT_TEAM = 2DF5SKQK2R;
				GENERATE_INFOPLIST_FILE = YES;
				MARKETING_VERSION = 1.0;
				PRODUCT_BUNDLE_IDENTIFIER = test.tempUITests;
				PRODUCT_NAME = "$(TARGET_NAME)";
				SWIFT_EMIT_LOC_STRINGS = NO;
				SWIFT_VERSION = 5.0;
				TARGETED_DEVICE_FAMILY = "1,2";
				TEST_TARGET_NAME = temp;
			};
			name = Release;
		};
/* End XCBuildConfiguration section */

/* Begin XCConfigurationList section */
		DD1ACA9D29E1D9960002F7BE /* Build configuration list for PBXProject "temp" */ = {
			isa = XCConfigurationList;
			buildConfigurations = (
				DD1ACACA29E1D9970002F7BE /* Debug */,
				DD1ACACB29E1D9970002F7BE /* Release */,
			);
			defaultConfigurationIsVisible = 0;
			defaultConfigurationName = Release;
		};
		DD1ACACC29E1D9970002F7BE /* Build configuration list for PBXNativeTarget "temp" */ = {
			isa = XCConfigurationList;
			buildConfigurations = (
				DD1ACACD29E1D9970002F7BE /* Debug */,
				DD1ACACE29E1D9970002F7BE /* Release */,
			);
			defaultConfigurationIsVisible = 0;
			defaultConfigurationName = Release;
		};
		DD1ACACF29E1D9970002F7BE /* Build configuration list for PBXNativeTarget "tempTests" */ = {
			isa = XCConfigurationList;
			buildConfigurations = (
				DD1ACAD029E1D9970002F7BE /* Debug */,
				DD1ACAD129E1D9970002F7BE /* Release */,
			);
			defaultConfigurationIsVisible = 0;
			defaultConfigurationName = Release;
		};
		DD1ACAD229E1D9970002F7BE /* Build configuration list for PBXNativeTarget "tempUITests" */ = {
			isa = XCConfigurationList;
			buildConfigurations = (
				DD1ACAD329E1D9970002F7BE /* Debug */,
				DD1ACAD429E1D9970002F7BE /* Release */,
			);
			defaultConfigurationIsVisible = 0;
			defaultConfigurationName = Release;
		};
/* End XCConfigurationList section */
	};
	rootObject = DD1ACA9A29E1D9960002F7BE /* Project object */;
}
